// !$*UTF8*$!
{
	archiveVersion = 1;
	classes = {
	};
	objectVersion = 56;
	objects = {

/* Begin PBXBuildFile section */
		890669D8295A240E004A8C5C /* youtube_downloaderApp.swift in Sources */ = {isa = PBXBuildFile; fileRef = 890669D7295A240E004A8C5C /* youtube_downloaderApp.swift */; };
		890669DA295A240E004A8C5C /* ContentView.swift in Sources */ = {isa = PBXBuildFile; fileRef = 890669D9295A240E004A8C5C /* ContentView.swift */; };
		890669DC295A240E004A8C5C /* Assets.xcassets in Resources */ = {isa = PBXBuildFile; fileRef = 890669DB295A240E004A8C5C /* Assets.xcassets */; };
		890669DF295A240E004A8C5C /* Preview Assets.xcassets in Resources */ = {isa = PBXBuildFile; fileRef = 890669DE295A240E004A8C5C /* Preview Assets.xcassets */; };
		890669E9295A240F004A8C5C /* youtube_downloaderTests.swift in Sources */ = {isa = PBXBuildFile; fileRef = 890669E8295A240F004A8C5C /* youtube_downloaderTests.swift */; };
		890669F3295A240F004A8C5C /* youtube_downloaderUITests.swift in Sources */ = {isa = PBXBuildFile; fileRef = 890669F2295A240F004A8C5C /* youtube_downloaderUITests.swift */; };
		890669F5295A240F004A8C5C /* youtube_downloaderUITestsLaunchTests.swift in Sources */ = {isa = PBXBuildFile; fileRef = 890669F4295A240F004A8C5C /* youtube_downloaderUITestsLaunchTests.swift */; };
		89066A02295A26B0004A8C5C /* DownloadManger.swift in Sources */ = {isa = PBXBuildFile; fileRef = 89066A01295A26B0004A8C5C /* DownloadManger.swift */; };
		89066A08295A47A9004A8C5C /* progresdownloadview.swift in Sources */ = {isa = PBXBuildFile; fileRef = 89066A07295A47A9004A8C5C /* progresdownloadview.swift */; };
/* End PBXBuildFile section */

/* Begin PBXContainerItemProxy section */
		890669E5295A240F004A8C5C /* PBXContainerItemProxy */ = {
			isa = PBXContainerItemProxy;
			containerPortal = 890669CC295A240E004A8C5C /* Project object */;
			proxyType = 1;
			remoteGlobalIDString = 890669D3295A240E004A8C5C;
			remoteInfo = "youtube-downloader";
		};
		890669EF295A240F004A8C5C /* PBXContainerItemProxy */ = {
			isa = PBXContainerItemProxy;
			containerPortal = 890669CC295A240E004A8C5C /* Project object */;
			proxyType = 1;
			remoteGlobalIDString = 890669D3295A240E004A8C5C;
			remoteInfo = "youtube-downloader";
		};
/* End PBXContainerItemProxy section */

/* Begin PBXFileReference section */
		890669D4295A240E004A8C5C /* youtube-downloader.app */ = {isa = PBXFileReference; explicitFileType = wrapper.application; includeInIndex = 0; path = "youtube-downloader.app"; sourceTree = BUILT_PRODUCTS_DIR; };
		890669D7295A240E004A8C5C /* youtube_downloaderApp.swift */ = {isa = PBXFileReference; lastKnownFileType = sourcecode.swift; path = youtube_downloaderApp.swift; sourceTree = "<group>"; };
		890669D9295A240E004A8C5C /* ContentView.swift */ = {isa = PBXFileReference; lastKnownFileType = sourcecode.swift; path = ContentView.swift; sourceTree = "<group>"; };
		890669DB295A240E004A8C5C /* Assets.xcassets */ = {isa = PBXFileReference; lastKnownFileType = folder.assetcatalog; path = Assets.xcassets; sourceTree = "<group>"; };
		890669DE295A240E004A8C5C /* Preview Assets.xcassets */ = {isa = PBXFileReference; lastKnownFileType = folder.assetcatalog; path = "Preview Assets.xcassets"; sourceTree = "<group>"; };
		890669E4295A240F004A8C5C /* youtube-downloaderTests.xctest */ = {isa = PBXFileReference; explicitFileType = wrapper.cfbundle; includeInIndex = 0; path = "youtube-downloaderTests.xctest"; sourceTree = BUILT_PRODUCTS_DIR; };
		890669E8295A240F004A8C5C /* youtube_downloaderTests.swift */ = {isa = PBXFileReference; lastKnownFileType = sourcecode.swift; path = youtube_downloaderTests.swift; sourceTree = "<group>"; };
		890669EE295A240F004A8C5C /* youtube-downloaderUITests.xctest */ = {isa = PBXFileReference; explicitFileType = wrapper.cfbundle; includeInIndex = 0; path = "youtube-downloaderUITests.xctest"; sourceTree = BUILT_PRODUCTS_DIR; };
		890669F2295A240F004A8C5C /* youtube_downloaderUITests.swift */ = {isa = PBXFileReference; lastKnownFileType = sourcecode.swift; path = youtube_downloaderUITests.swift; sourceTree = "<group>"; };
		890669F4295A240F004A8C5C /* youtube_downloaderUITestsLaunchTests.swift */ = {isa = PBXFileReference; lastKnownFileType = sourcecode.swift; path = youtube_downloaderUITestsLaunchTests.swift; sourceTree = "<group>"; };
		89066A01295A26B0004A8C5C /* DownloadManger.swift */ = {isa = PBXFileReference; lastKnownFileType = sourcecode.swift; path = DownloadManger.swift; sourceTree = "<group>"; };
		89066A07295A47A9004A8C5C /* progresdownloadview.swift */ = {isa = PBXFileReference; lastKnownFileType = sourcecode.swift; path = progresdownloadview.swift; sourceTree = "<group>"; };
/* End PBXFileReference section */

/* Begin PBXFrameworksBuildPhase section */
		890669D1295A240E004A8C5C /* Frameworks */ = {
			isa = PBXFrameworksBuildPhase;
			buildActionMask = 2147483647;
			files = (
			);
			runOnlyForDeploymentPostprocessing = 0;
		};
		890669E1295A240F004A8C5C /* Frameworks */ = {
			isa = PBXFrameworksBuildPhase;
			buildActionMask = 2147483647;
			files = (
			);
			runOnlyForDeploymentPostprocessing = 0;
		};
		890669EB295A240F004A8C5C /* Frameworks */ = {
			isa = PBXFrameworksBuildPhase;
			buildActionMask = 2147483647;
			files = (
			);
			runOnlyForDeploymentPostprocessing = 0;
		};
/* End PBXFrameworksBuildPhase section */

/* Begin PBXGroup section */
		890669CB295A240E004A8C5C = {
			isa = PBXGroup;
			children = (
				890669D6295A240E004A8C5C /* youtube-downloader */,
				890669E7295A240F004A8C5C /* youtube-downloaderTests */,
				890669F1295A240F004A8C5C /* youtube-downloaderUITests */,
				890669D5295A240E004A8C5C /* Products */,
			);
			sourceTree = "<group>";
		};
		890669D5295A240E004A8C5C /* Products */ = {
			isa = PBXGroup;
			children = (
				890669D4295A240E004A8C5C /* youtube-downloader.app */,
				890669E4295A240F004A8C5C /* youtube-downloaderTests.xctest */,
				890669EE295A240F004A8C5C /* youtube-downloaderUITests.xctest */,
			);
			name = Products;
			sourceTree = "<group>";
		};
		890669D6295A240E004A8C5C /* youtube-downloader */ = {
			isa = PBXGroup;
			children = (
				89066A07295A47A9004A8C5C /* progresdownloadview.swift */,
				890669D7295A240E004A8C5C /* youtube_downloaderApp.swift */,
				890669D9295A240E004A8C5C /* ContentView.swift */,
				89066A01295A26B0004A8C5C /* DownloadManger.swift */,
				890669DB295A240E004A8C5C /* Assets.xcassets */,
				890669DD295A240E004A8C5C /* Preview Content */,
			);
			path = "youtube-downloader";
			sourceTree = "<group>";
		};
		890669DD295A240E004A8C5C /* Preview Content */ = {
			isa = PBXGroup;
			children = (
				890669DE295A240E004A8C5C /* Preview Assets.xcassets */,
			);
			path = "Preview Content";
			sourceTree = "<group>";
		};
		890669E7295A240F004A8C5C /* youtube-downloaderTests */ = {
			isa = PBXGroup;
			children = (
				890669E8295A240F004A8C5C /* youtube_downloaderTests.swift */,
			);
			path = "youtube-downloaderTests";
			sourceTree = "<group>";
		};
		890669F1295A240F004A8C5C /* youtube-downloaderUITests */ = {
			isa = PBXGroup;
			children = (
				890669F2295A240F004A8C5C /* youtube_downloaderUITests.swift */,
				890669F4295A240F004A8C5C /* youtube_downloaderUITestsLaunchTests.swift */,
			);
			path = "youtube-downloaderUITests";
			sourceTree = "<group>";
		};
/* End PBXGroup section */

/* Begin PBXNativeTarget section */
		890669D3295A240E004A8C5C /* youtube-downloader */ = {
			isa = PBXNativeTarget;
			buildConfigurationList = 890669F8295A240F004A8C5C /* Build configuration list for PBXNativeTarget "youtube-downloader" */;
			buildPhases = (
				890669D0295A240E004A8C5C /* Sources */,
				890669D1295A240E004A8C5C /* Frameworks */,
				890669D2295A240E004A8C5C /* Resources */,
			);
			buildRules = (
			);
			dependencies = (
			);
			name = "youtube-downloader";
			productName = "youtube-downloader";
			productReference = 890669D4295A240E004A8C5C /* youtube-downloader.app */;
			productType = "com.apple.product-type.application";
		};
		890669E3295A240F004A8C5C /* youtube-downloaderTests */ = {
			isa = PBXNativeTarget;
			buildConfigurationList = 890669FB295A240F004A8C5C /* Build configuration list for PBXNativeTarget "youtube-downloaderTests" */;
			buildPhases = (
				890669E0295A240F004A8C5C /* Sources */,
				890669E1295A240F004A8C5C /* Frameworks */,
				890669E2295A240F004A8C5C /* Resources */,
			);
			buildRules = (
			);
			dependencies = (
				890669E6295A240F004A8C5C /* PBXTargetDependency */,
			);
			name = "youtube-downloaderTests";
			productName = "youtube-downloaderTests";
			productReference = 890669E4295A240F004A8C5C /* youtube-downloaderTests.xctest */;
			productType = "com.apple.product-type.bundle.unit-test";
		};
		890669ED295A240F004A8C5C /* youtube-downloaderUITests */ = {
			isa = PBXNativeTarget;
			buildConfigurationList = 890669FE295A240F004A8C5C /* Build configuration list for PBXNativeTarget "youtube-downloaderUITests" */;
			buildPhases = (
				890669EA295A240F004A8C5C /* Sources */,
				890669EB295A240F004A8C5C /* Frameworks */,
				890669EC295A240F004A8C5C /* Resources */,
			);
			buildRules = (
			);
			dependencies = (
				890669F0295A240F004A8C5C /* PBXTargetDependency */,
			);
			name = "youtube-downloaderUITests";
			productName = "youtube-downloaderUITests";
			productReference = 890669EE295A240F004A8C5C /* youtube-downloaderUITests.xctest */;
			productType = "com.apple.product-type.bundle.ui-testing";
		};
/* End PBXNativeTarget section */

/* Begin PBXProject section */
		890669CC295A240E004A8C5C /* Project object */ = {
			isa = PBXProject;
			attributes = {
				BuildIndependentTargetsInParallel = 1;
				LastSwiftUpdateCheck = 1420;
				LastUpgradeCheck = 1420;
				TargetAttributes = {
					890669D3295A240E004A8C5C = {
						CreatedOnToolsVersion = 14.2;
					};
					890669E3295A240F004A8C5C = {
						CreatedOnToolsVersion = 14.2;
						TestTargetID = 890669D3295A240E004A8C5C;
					};
					890669ED295A240F004A8C5C = {
						CreatedOnToolsVersion = 14.2;
						TestTargetID = 890669D3295A240E004A8C5C;
					};
				};
			};
			buildConfigurationList = 890669CF295A240E004A8C5C /* Build configuration list for PBXProject "youtube-downloader" */;
			compatibilityVersion = "Xcode 14.0";
			developmentRegion = en;
			hasScannedForEncodings = 0;
			knownRegions = (
				en,
				Base,
			);
			mainGroup = 890669CB295A240E004A8C5C;
			productRefGroup = 890669D5295A240E004A8C5C /* Products */;
			projectDirPath = "";
			projectRoot = "";
			targets = (
				890669D3295A240E004A8C5C /* youtube-downloader */,
				890669E3295A240F004A8C5C /* youtube-downloaderTests */,
				890669ED295A240F004A8C5C /* youtube-downloaderUITests */,
			);
		};
/* End PBXProject section */

/* Begin PBXResourcesBuildPhase section */
		890669D2295A240E004A8C5C /* Resources */ = {
			isa = PBXResourcesBuildPhase;
			buildActionMask = 2147483647;
			files = (
				890669DF295A240E004A8C5C /* Preview Assets.xcassets in Resources */,
				890669DC295A240E004A8C5C /* Assets.xcassets in Resources */,
			);
			runOnlyForDeploymentPostprocessing = 0;
		};
		890669E2295A240F004A8C5C /* Resources */ = {
			isa = PBXResourcesBuildPhase;
			buildActionMask = 2147483647;
			files = (
			);
			runOnlyForDeploymentPostprocessing = 0;
		};
		890669EC295A240F004A8C5C /* Resources */ = {
			isa = PBXResourcesBuildPhase;
			buildActionMask = 2147483647;
			files = (
			);
			runOnlyForDeploymentPostprocessing = 0;
		};
/* End PBXResourcesBuildPhase section */

/* Begin PBXSourcesBuildPhase section */
		890669D0295A240E004A8C5C /* Sources */ = {
			isa = PBXSourcesBuildPhase;
			buildActionMask = 2147483647;
			files = (
				89066A02295A26B0004A8C5C /* DownloadManger.swift in Sources */,
				89066A08295A47A9004A8C5C /* progresdownloadview.swift in Sources */,
				890669DA295A240E004A8C5C /* ContentView.swift in Sources */,
				890669D8295A240E004A8C5C /* youtube_downloaderApp.swift in Sources */,
			);
			runOnlyForDeploymentPostprocessing = 0;
		};
		890669E0295A240F004A8C5C /* Sources */ = {
			isa = PBXSourcesBuildPhase;
			buildActionMask = 2147483647;
			files = (
				890669E9295A240F004A8C5C /* youtube_downloaderTests.swift in Sources */,
			);
			runOnlyForDeploymentPostprocessing = 0;
		};
		890669EA295A240F004A8C5C /* Sources */ = {
			isa = PBXSourcesBuildPhase;
			buildActionMask = 2147483647;
			files = (
				890669F3295A240F004A8C5C /* youtube_downloaderUITests.swift in Sources */,
				890669F5295A240F004A8C5C /* youtube_downloaderUITestsLaunchTests.swift in Sources */,
			);
			runOnlyForDeploymentPostprocessing = 0;
		};
/* End PBXSourcesBuildPhase section */

/* Begin PBXTargetDependency section */
		890669E6295A240F004A8C5C /* PBXTargetDependency */ = {
			isa = PBXTargetDependency;
			target = 890669D3295A240E004A8C5C /* youtube-downloader */;
			targetProxy = 890669E5295A240F004A8C5C /* PBXContainerItemProxy */;
		};
		890669F0295A240F004A8C5C /* PBXTargetDependency */ = {
			isa = PBXTargetDependency;
			target = 890669D3295A240E004A8C5C /* youtube-downloader */;
			targetProxy = 890669EF295A240F004A8C5C /* PBXContainerItemProxy */;
		};
/* End PBXTargetDependency section */

/* Begin XCBuildConfiguration section */
		890669F6295A240F004A8C5C /* Debug */ = {
			isa = XCBuildConfiguration;
			buildSettings = {
				ALWAYS_SEARCH_USER_PATHS = NO;
				CLANG_ANALYZER_NONNULL = YES;
				CLANG_ANALYZER_NUMBER_OBJECT_CONVERSION = YES_AGGRESSIVE;
				CLANG_CXX_LANGUAGE_STANDARD = "gnu++20";
				CLANG_ENABLE_MODULES = YES;
				CLANG_ENABLE_OBJC_ARC = YES;
				CLANG_ENABLE_OBJC_WEAK = YES;
				CLANG_WARN_BLOCK_CAPTURE_AUTORELEASING = YES;
				CLANG_WARN_BOOL_CONVERSION = YES;
				CLANG_WARN_COMMA = YES;
				CLANG_WARN_CONSTANT_CONVERSION = YES;
				CLANG_WARN_DEPRECATED_OBJC_IMPLEMENTATIONS = YES;
				CLANG_WARN_DIRECT_OBJC_ISA_USAGE = YES_ERROR;
				CLANG_WARN_DOCUMENTATION_COMMENTS = YES;
				CLANG_WARN_EMPTY_BODY = YES;
				CLANG_WARN_ENUM_CONVERSION = YES;
				CLANG_WARN_INFINITE_RECURSION = YES;
				CLANG_WARN_INT_CONVERSION = YES;
				CLANG_WARN_NON_LITERAL_NULL_CONVERSION = YES;
				CLANG_WARN_OBJC_IMPLICIT_RETAIN_SELF = YES;
				CLANG_WARN_OBJC_LITERAL_CONVERSION = YES;
				CLANG_WARN_OBJC_ROOT_CLASS = YES_ERROR;
				CLANG_WARN_QUOTED_INCLUDE_IN_FRAMEWORK_HEADER = YES;
				CLANG_WARN_RANGE_LOOP_ANALYSIS = YES;
				CLANG_WARN_STRICT_PROTOTYPES = YES;
				CLANG_WARN_SUSPICIOUS_MOVE = YES;
				CLANG_WARN_UNGUARDED_AVAILABILITY = YES_AGGRESSIVE;
				CLANG_WARN_UNREACHABLE_CODE = YES;
				CLANG_WARN__DUPLICATE_METHOD_MATCH = YES;
				COPY_PHASE_STRIP = NO;
				DEBUG_INFORMATION_FORMAT = dwarf;
				ENABLE_STRICT_OBJC_MSGSEND = YES;
				ENABLE_TESTABILITY = YES;
				GCC_C_LANGUAGE_STANDARD = gnu11;
				GCC_DYNAMIC_NO_PIC = NO;
				GCC_NO_COMMON_BLOCKS = YES;
				GCC_OPTIMIZATION_LEVEL = 0;
				GCC_PREPROCESSOR_DEFINITIONS = (
					"DEBUG=1",
					"$(inherited)",
				);
				GCC_WARN_64_TO_32_BIT_CONVERSION = YES;
				GCC_WARN_ABOUT_RETURN_TYPE = YES_ERROR;
				GCC_WARN_UNDECLARED_SELECTOR = YES;
				GCC_WARN_UNINITIALIZED_AUTOS = YES_AGGRESSIVE;
				GCC_WARN_UNUSED_FUNCTION = YES;
				GCC_WARN_UNUSED_VARIABLE = YES;
				IPHONEOS_DEPLOYMENT_TARGET = 16.2;
				MTL_ENABLE_DEBUG_INFO = INCLUDE_SOURCE;
				MTL_FAST_MATH = YES;
				ONLY_ACTIVE_ARCH = YES;
				SDKROOT = iphoneos;
				SWIFT_ACTIVE_COMPILATION_CONDITIONS = DEBUG;
				SWIFT_OPTIMIZATION_LEVEL = "-Onone";
			};
			name = Debug;
		};
		890669F7295A240F004A8C5C /* Release */ = {
			isa = XCBuildConfiguration;
			buildSettings = {
				ALWAYS_SEARCH_USER_PATHS = NO;
				CLANG_ANALYZER_NONNULL = YES;
				CLANG_ANALYZER_NUMBER_OBJECT_CONVERSION = YES_AGGRESSIVE;
				CLANG_CXX_LANGUAGE_STANDARD = "gnu++20";
				CLANG_ENABLE_MODULES = YES;
				CLANG_ENABLE_OBJC_ARC = YES;
				CLANG_ENABLE_OBJC_WEAK = YES;
				CLANG_WARN_BLOCK_CAPTURE_AUTORELEASING = YES;
				CLANG_WARN_BOOL_CONVERSION = YES;
				CLANG_WARN_COMMA = YES;
				CLANG_WARN_CONSTANT_CONVERSION = YES;
				CLANG_WARN_DEPRECATED_OBJC_IMPLEMENTATIONS = YES;
				CLANG_WARN_DIRECT_OBJC_ISA_USAGE = YES_ERROR;
				CLANG_WARN_DOCUMENTATION_COMMENTS = YES;
				CLANG_WARN_EMPTY_BODY = YES;
				CLANG_WARN_ENUM_CONVERSION = YES;
				CLANG_WARN_INFINITE_RECURSION = YES;
				CLANG_WARN_INT_CONVERSION = YES;
				CLANG_WARN_NON_LITERAL_NULL_CONVERSION = YES;
				CLANG_WARN_OBJC_IMPLICIT_RETAIN_SELF = YES;
				CLANG_WARN_OBJC_LITERAL_CONVERSION = YES;
				CLANG_WARN_OBJC_ROOT_CLASS = YES_ERROR;
				CLANG_WARN_QUOTED_INCLUDE_IN_FRAMEWORK_HEADER = YES;
				CLANG_WARN_RANGE_LOOP_ANALYSIS = YES;
				CLANG_WARN_STRICT_PROTOTYPES = YES;
				CLANG_WARN_SUSPICIOUS_MOVE = YES;
				CLANG_WARN_UNGUARDED_AVAILABILITY = YES_AGGRESSIVE;
				CLANG_WARN_UNREACHABLE_CODE = YES;
				CLANG_WARN__DUPLICATE_METHOD_MATCH = YES;
				COPY_PHASE_STRIP = NO;
				DEBUG_INFORMATION_FORMAT = "dwarf-with-dsym";
				ENABLE_NS_ASSERTIONS = NO;
				ENABLE_STRICT_OBJC_MSGSEND = YES;
				GCC_C_LANGUAGE_STANDARD = gnu11;
				GCC_NO_COMMON_BLOCKS = YES;
				GCC_WARN_64_TO_32_BIT_CONVERSION = YES;
				GCC_WARN_ABOUT_RETURN_TYPE = YES_ERROR;
				GCC_WARN_UNDECLARED_SELECTOR = YES;
				GCC_WARN_UNINITIALIZED_AUTOS = YES_AGGRESSIVE;
				GCC_WARN_UNUSED_FUNCTION = YES;
				GCC_WARN_UNUSED_VARIABLE = YES;
				IPHONEOS_DEPLOYMENT_TARGET = 16.2;
				MTL_ENABLE_DEBUG_INFO = NO;
				MTL_FAST_MATH = YES;
				SDKROOT = iphoneos;
				SWIFT_COMPILATION_MODE = wholemodule;
				SWIFT_OPTIMIZATION_LEVEL = "-O";
				VALIDATE_PRODUCT = YES;
			};
			name = Release;
		};
		890669F9295A240F004A8C5C /* Debug */ = {
			isa = XCBuildConfiguration;
			buildSettings = {
				ASSETCATALOG_COMPILER_APPICON_NAME = AppIcon;
				ASSETCATALOG_COMPILER_GLOBAL_ACCENT_COLOR_NAME = AccentColor;
				CODE_SIGN_STYLE = Automatic;
				CURRENT_PROJECT_VERSION = 1;
				DEVELOPMENT_ASSET_PATHS = "\"youtube-downloader/Preview Content\"";
				DEVELOPMENT_TEAM = 8XRTPFHC3P;
				ENABLE_PREVIEWS = YES;
				GENERATE_INFOPLIST_FILE = YES;
				INFOPLIST_KEY_UIApplicationSceneManifest_Generation = YES;
				INFOPLIST_KEY_UIApplicationSupportsIndirectInputEvents = YES;
				INFOPLIST_KEY_UILaunchScreen_Generation = YES;
				INFOPLIST_KEY_UISupportedInterfaceOrientations_iPad = "UIInterfaceOrientationPortrait UIInterfaceOrientationPortraitUpsideDown UIInterfaceOrientationLandscapeLeft UIInterfaceOrientationLandscapeRight";
				INFOPLIST_KEY_UISupportedInterfaceOrientations_iPhone = "UIInterfaceOrientationPortrait UIInterfaceOrientationLandscapeLeft UIInterfaceOrientationLandscapeRight";
				LD_RUNPATH_SEARCH_PATHS = (
					"$(inherited)",
					"@executable_path/Frameworks",
				);
				MARKETING_VERSION = 1.0;
				PRODUCT_BUNDLE_IDENTIFIER = "twq.youtube-downloader";
				PRODUCT_NAME = "$(TARGET_NAME)";
				SWIFT_EMIT_LOC_STRINGS = YES;
				SWIFT_VERSION = 5.0;
				TARGETED_DEVICE_FAMILY = "1,2";
			};
			name = Debug;
		};
		890669FA295A240F004A8C5C /* Release */ = {
			isa = XCBuildConfiguration;
			buildSettings = {
				ASSETCATALOG_COMPILER_APPICON_NAME = AppIcon;
				ASSETCATALOG_COMPILER_GLOBAL_ACCENT_COLOR_NAME = AccentColor;
				CODE_SIGN_STYLE = Automatic;
				CURRENT_PROJECT_VERSION = 1;
				DEVELOPMENT_ASSET_PATHS = "\"youtube-downloader/Preview Content\"";
				DEVELOPMENT_TEAM = 8XRTPFHC3P;
				ENABLE_PREVIEWS = YES;
				GENERATE_INFOPLIST_FILE = YES;
				INFOPLIST_KEY_UIApplicationSceneManifest_Generation = YES;
				INFOPLIST_KEY_UIApplicationSupportsIndirectInputEvents = YES;
				INFOPLIST_KEY_UILaunchScreen_Generation = YES;
				INFOPLIST_KEY_UISupportedInterfaceOrientations_iPad = "UIInterfaceOrientationPortrait UIInterfaceOrientationPortraitUpsideDown UIInterfaceOrientationLandscapeLeft UIInterfaceOrientationLandscapeRight";
				INFOPLIST_KEY_UISupportedInterfaceOrientations_iPhone = "UIInterfaceOrientationPortrait UIInterfaceOrientationLandscapeLeft UIInterfaceOrientationLandscapeRight";
				LD_RUNPATH_SEARCH_PATHS = (
					"$(inherited)",
					"@executable_path/Frameworks",
				);
				MARKETING_VERSION = 1.0;
				PRODUCT_BUNDLE_IDENTIFIER = "twq.youtube-downloader";
				PRODUCT_NAME = "$(TARGET_NAME)";
				SWIFT_EMIT_LOC_STRINGS = YES;
				SWIFT_VERSION = 5.0;
				TARGETED_DEVICE_FAMILY = "1,2";
			};
			name = Release;
		};
		890669FC295A240F004A8C5C /* Debug */ = {
			isa = XCBuildConfiguration;
			buildSettings = {
				ALWAYS_EMBED_SWIFT_STANDARD_LIBRARIES = YES;
				BUNDLE_LOADER = "$(TEST_HOST)";
				CODE_SIGN_STYLE = Automatic;
				CURRENT_PROJECT_VERSION = 1;
				DEVELOPMENT_TEAM = 8XRTPFHC3P;
				GENERATE_INFOPLIST_FILE = YES;
				IPHONEOS_DEPLOYMENT_TARGET = 16.2;
				MARKETING_VERSION = 1.0;
				PRODUCT_BUNDLE_IDENTIFIER = "twq.youtube-downloaderTests";
				PRODUCT_NAME = "$(TARGET_NAME)";
				SWIFT_EMIT_LOC_STRINGS = NO;
				SWIFT_VERSION = 5.0;
				TARGETED_DEVICE_FAMILY = "1,2";
				TEST_HOST = "$(BUILT_PRODUCTS_DIR)/youtube-downloader.app/$(BUNDLE_EXECUTABLE_FOLDER_PATH)/youtube-downloader";
			};
			name = Debug;
		};
		890669FD295A240F004A8C5C /* Release */ = {
			isa = XCBuildConfiguration;
			buildSettings = {
				ALWAYS_EMBED_SWIFT_STANDARD_LIBRARIES = YES;
				BUNDLE_LOADER = "$(TEST_HOST)";
				CODE_SIGN_STYLE = Automatic;
				CURRENT_PROJECT_VERSION = 1;
				DEVELOPMENT_TEAM = 8XRTPFHC3P;
				GENERATE_INFOPLIST_FILE = YES;
				IPHONEOS_DEPLOYMENT_TARGET = 16.2;
				MARKETING_VERSION = 1.0;
				PRODUCT_BUNDLE_IDENTIFIER = "twq.youtube-downloaderTests";
				PRODUCT_NAME = "$(TARGET_NAME)";
				SWIFT_EMIT_LOC_STRINGS = NO;
				SWIFT_VERSION = 5.0;
				TARGETED_DEVICE_FAMILY = "1,2";
				TEST_HOST = "$(BUILT_PRODUCTS_DIR)/youtube-downloader.app/$(BUNDLE_EXECUTABLE_FOLDER_PATH)/youtube-downloader";
			};
			name = Release;
		};
		890669FF295A240F004A8C5C /* Debug */ = {
			isa = XCBuildConfiguration;
			buildSettings = {
				ALWAYS_EMBED_SWIFT_STANDARD_LIBRARIES = YES;
				CODE_SIGN_STYLE = Automatic;
				CURRENT_PROJECT_VERSION = 1;
				DEVELOPMENT_TEAM = 8XRTPFHC3P;
				GENERATE_INFOPLIST_FILE = YES;
				MARKETING_VERSION = 1.0;
				PRODUCT_BUNDLE_IDENTIFIER = "twq.youtube-downloaderUITests";
				PRODUCT_NAME = "$(TARGET_NAME)";
				SWIFT_EMIT_LOC_STRINGS = NO;
				SWIFT_VERSION = 5.0;
				TARGETED_DEVICE_FAMILY = "1,2";
				TEST_TARGET_NAME = "youtube-downloader";
			};
			name = Debug;
		};
		89066A00295A240F004A8C5C /* Release */ = {
			isa = XCBuildConfiguration;
			buildSettings = {
				ALWAYS_EMBED_SWIFT_STANDARD_LIBRARIES = YES;
				CODE_SIGN_STYLE = Automatic;
				CURRENT_PROJECT_VERSION = 1;
				DEVELOPMENT_TEAM = 8XRTPFHC3P;
				GENERATE_INFOPLIST_FILE = YES;
				MARKETING_VERSION = 1.0;
				PRODUCT_BUNDLE_IDENTIFIER = "twq.youtube-downloaderUITests";
				PRODUCT_NAME = "$(TARGET_NAME)";
				SWIFT_EMIT_LOC_STRINGS = NO;
				SWIFT_VERSION = 5.0;
				TARGETED_DEVICE_FAMILY = "1,2";
				TEST_TARGET_NAME = "youtube-downloader";
			};
			name = Release;
		};
/* End XCBuildConfiguration section */

/* Begin XCConfigurationList section */
		890669CF295A240E004A8C5C /* Build configuration list for PBXProject "youtube-downloader" */ = {
			isa = XCConfigurationList;
			buildConfigurations = (
				890669F6295A240F004A8C5C /* Debug */,
				890669F7295A240F004A8C5C /* Release */,
			);
			defaultConfigurationIsVisible = 0;
			defaultConfigurationName = Release;
		};
		890669F8295A240F004A8C5C /* Build configuration list for PBXNativeTarget "youtube-downloader" */ = {
			isa = XCConfigurationList;
			buildConfigurations = (
				890669F9295A240F004A8C5C /* Debug */,
				890669FA295A240F004A8C5C /* Release */,
			);
			defaultConfigurationIsVisible = 0;
			defaultConfigurationName = Release;
		};
		890669FB295A240F004A8C5C /* Build configuration list for PBXNativeTarget "youtube-downloaderTests" */ = {
			isa = XCConfigurationList;
			buildConfigurations = (
				890669FC295A240F004A8C5C /* Debug */,
				890669FD295A240F004A8C5C /* Release */,
			);
			defaultConfigurationIsVisible = 0;
			defaultConfigurationName = Release;
		};
		890669FE295A240F004A8C5C /* Build configuration list for PBXNativeTarget "youtube-downloaderUITests" */ = {
			isa = XCConfigurationList;
			buildConfigurations = (
				890669FF295A240F004A8C5C /* Debug */,
				89066A00295A240F004A8C5C /* Release */,
			);
			defaultConfigurationIsVisible = 0;
			defaultConfigurationName = Release;
		};
/* End XCConfigurationList section */
	};
	rootObject = 890669CC295A240E004A8C5C /* Project object */;
}
